
Microsoft Visual Studio Solution File, Format Version 12.00
# Visual Studio Version 16
VisualStudioVersion = 16.0.29728.190
MinimumVisualStudioVersion = 10.0.40219.1
Project("{9A19103F-16F7-4668-BE54-9A1E7A4F7556}") = "RobotInterrogation", "RobotInterrogation\RobotInterrogation.csproj", "{F788728F-AA62-4FB1-B25E-CF222891E74D}"
EndProject
Project("{FAE04EC0-301F-11D3-BF4B-00C04F79EFBC}") = "Tests", "Tests\Tests.csproj", "{2A3FA00B-353E-439C-958F-1FB5CAE9CD02}"
EndProject
Global
	GlobalSection(SolutionConfigurationPlatforms) = preSolution
		Debug|Any CPU = Debug|Any CPU
		Release|Any CPU = Release|Any CPU
	EndGlobalSection
	GlobalSection(ProjectConfigurationPlatforms) = postSolution
		{F788728F-AA62-4FB1-B25E-CF222891E74D}.Debug|Any CPU.ActiveCfg = Debug|Any CPU
		{F788728F-AA62-4FB1-B25E-CF222891E74D}.Debug|Any CPU.Build.0 = Debug|Any CPU
		{F788728F-AA62-4FB1-B25E-CF222891E74D}.Release|Any CPU.ActiveCfg = Release|Any CPU
		{F788728F-AA62-4FB1-B25E-CF222891E74D}.Release|Any CPU.Build.0 = Release|Any CPU
		{2A3FA00B-353E-439C-958F-1FB5CAE9CD02}.Debug|Any CPU.ActiveCfg = Debug|Any CPU
		{2A3FA00B-353E-439C-958F-1FB5CAE9CD02}.Debug|Any CPU.Build.0 = Debug|Any CPU
		{2A3FA00B-353E-439C-958F-1FB5CAE9CD02}.Release|Any CPU.ActiveCfg = Release|Any CPU
		{2A3FA00B-353E-439C-958F-1FB5CAE9CD02}.Release|Any CPU.Build.0 = Release|Any CPU
	EndGlobalSection
	GlobalSection(SolutionProperties) = preSolution
		HideSolutionNode = FALSE
	EndGlobalSection
	GlobalSection(ExtensibilityGlobals) = postSolution
		SolutionGuid = {C05D71BB-4F4B-4A73-8E47-44CFA0D6A13F}
	EndGlobalSection
EndGlobal
